
Microsoft Visual Studio Solution File, Format Version 12.00
# Visual Studio Version 16
VisualStudioVersion = 16.0.29926.136
MinimumVisualStudioVersion = 10.0.40219.1
Project("{FAE04EC0-301F-11D3-BF4B-00C04F79EFBC}") = "MediatorTreinaWeb", "MediatorTreinaWeb\MediatorTreinaWeb.csproj", "{8E2CB0D6-C85D-4399-AFB7-32AE13CD27A0}"
EndProject
Global
	GlobalSection(SolutionConfigurationPlatforms) = preSolution
		Debug|Any CPU = Debug|Any CPU
		Release|Any CPU = Release|Any CPU
	EndGlobalSection
	GlobalSection(ProjectConfigurationPlatforms) = postSolution
		{8E2CB0D6-C85D-4399-AFB7-32AE13CD27A0}.Debug|Any CPU.ActiveCfg = Debug|Any CPU
		{8E2CB0D6-C85D-4399-AFB7-32AE13CD27A0}.Debug|Any CPU.Build.0 = Debug|Any CPU
		{8E2CB0D6-C85D-4399-AFB7-32AE13CD27A0}.Release|Any CPU.ActiveCfg = Release|Any CPU
		{8E2CB0D6-C85D-4399-AFB7-32AE13CD27A0}.Release|Any CPU.Build.0 = Release|Any CPU
	EndGlobalSection
	GlobalSection(SolutionProperties) = preSolution
		HideSolutionNode = FALSE
	EndGlobalSection
	GlobalSection(ExtensibilityGlobals) = postSolution
		SolutionGuid = {6F126617-285F-4AB7-A6B1-3E27F5A1B024}
	EndGlobalSection
EndGlobal
